
Microsoft Visual Studio Solution File, Format Version 12.00
# Visual Studio 14
VisualStudioVersion = 14.0.25420.1
MinimumVisualStudioVersion = 10.0.40219.1
Project("{FAE04EC0-301F-11D3-BF4B-00C04F79EFBC}") = "Transaction", "Transaction\Transaction.csproj", "{F4E82423-E489-4FC3-8749-D8E4CEC26D7E}"
EndProject
Project("{FAE04EC0-301F-11D3-BF4B-00C04F79EFBC}") = "TransactionLib", "TransactionLib\TransactionLib.csproj", "{8B27798A-CA7A-4DC7-9A82-A8CC60037528}"
EndProject
Global
	GlobalSection(SolutionConfigurationPlatforms) = preSolution
		Debug|Any CPU = Debug|Any CPU
		Release|Any CPU = Release|Any CPU
	EndGlobalSection
	GlobalSection(ProjectConfigurationPlatforms) = postSolution
		{F4E82423-E489-4FC3-8749-D8E4CEC26D7E}.Debug|Any CPU.ActiveCfg = Debug|Any CPU
		{F4E82423-E489-4FC3-8749-D8E4CEC26D7E}.Debug|Any CPU.Build.0 = Debug|Any CPU
		{F4E82423-E489-4FC3-8749-D8E4CEC26D7E}.Release|Any CPU.ActiveCfg = Release|Any CPU
		{F4E82423-E489-4FC3-8749-D8E4CEC26D7E}.Release|Any CPU.Build.0 = Release|Any CPU
		{8B27798A-CA7A-4DC7-9A82-A8CC60037528}.Debug|Any CPU.ActiveCfg = Debug|Any CPU
		{8B27798A-CA7A-4DC7-9A82-A8CC60037528}.Debug|Any CPU.Build.0 = Debug|Any CPU
		{8B27798A-CA7A-4DC7-9A82-A8CC60037528}.Release|Any CPU.ActiveCfg = Release|Any CPU
		{8B27798A-CA7A-4DC7-9A82-A8CC60037528}.Release|Any CPU.Build.0 = Release|Any CPU
	EndGlobalSection
	GlobalSection(SolutionProperties) = preSolution
		HideSolutionNode = FALSE
	EndGlobalSection
	GlobalSection(ExtensibilityGlobals) = postSolution
		SolutionGuid = {9B1EBC9A-BA39-4331-B8B7-C490EA44B613}
	EndGlobalSection
EndGlobal
